{
  "meteor": {},
  "dependencies": {
    "basePackages": {
      "dockerode": {
        "git": "https://github.com/ongoworks/meteor-dockerode.git",
        "branch": "master"
      },
      "redis": {},
      "accounts-ui-bootstrap-3": {},
      "iron-router": {},
      "collection2": {},
      "autoform": {},
      "collection-helpers": {},
      "numeral": {},
      "reactive-table": {},
      "spin": {},
      "accounts-entry": {},
      "bootstrap3-less": {},
      "font-awesome-4-less": {},
      "collection-hooks": {},
      "fast-render": {},
      "roles": {},
      "alertfy": {},
      "kadira": {},
      "typeahead": {}
    },
    "packages": {
      "dockerode": {
        "git": "https://github.com/ongoworks/meteor-dockerode.git",
        "branch": "master",
        "commit": "0331c9944f86b56d8706cfabc286917f0b9c1e02"
      },
      "redis": {
        "git": "https://github.com/stevemanuel/meteor-redis.git",
        "tag": "v0.1.3",
        "commit": "8af9aaab84f4a87358ccb4616592a373661f712b"
      },
      "accounts-ui-bootstrap-3": {
        "git": "https://github.com/mangasocial/meteor-accounts-ui-bootstrap-3.git",
        "tag": "v0.3.4",
        "commit": "9f006ee48d869877d90d54ac75b54550a587df8f"
      },
      "iron-router": {
        "git": "https://github.com/EventedMind/iron-router.git",
        "tag": "v0.8.2",
        "commit": "05415a8891ea87a00fb1e2388585f2ca5a38e0da"
      },
      "collection2": {
        "git": "https://github.com/aldeed/meteor-collection2.git",
        "tag": "v0.4.6",
        "commit": "80554182486be0d8e74f7ed02194a5649d712e27"
      },
      "autoform": {
        "git": "https://github.com/aldeed/meteor-autoform.git",
        "tag": "v0.16.1",
        "commit": "34a447fd3a1b3164c78f865aabbac3ddc2d033fb"
      },
      "collection-helpers": {
        "git": "https://github.com/dburles/meteor-collection-helpers.git",
        "tag": "v0.3.1",
        "commit": "eff6c859cd91eae324f6c99ab755992d0f271d91"
      },
      "numeral": {
        "git": "https://github.com/vsivsi/meteor-numeral.git",
        "tag": "v1.5.3",
        "commit": "bdc97fc69bee7dadae1fc0f97fa6d9d76a03e73d"
      },
      "reactive-table": {
        "git": "https://github.com/ecohealthalliance/reactive-table.git",
        "tag": "v0.3.21",
        "commit": "7068f1011b46b6312bd8c21c2d3b91d4e3cbcd59"
      },
      "spin": {
        "git": "https://github.com/SachaG/meteor-spin.git",
        "tag": "v2.0.4",
        "commit": "f7b1e12a7caff1283cdb3671a393c182d0ae9862"
      },
      "accounts-entry": {
        "git": "https://github.com/Differential/accounts-entry.git",
        "tag": "v0.8.0",
        "commit": "cf7f7d0ecc285824bc2748e305f5d693df99b4ae"
      },
      "bootstrap3-less": {
        "git": "https://github.com/simison/bootstrap3-less",
        "tag": "v0.2.1",
        "commit": "dc94a51ed00d7de6d6f2b6d65107a876d849ad61"
      },
      "font-awesome-4-less": {
        "git": "https://github.com/svub/fontawesome4-less.git",
        "tag": "v4.4.0",
        "commit": "250d2336a217c18eb70e9d074784a7db3ca38472"
      },
      "collection-hooks": {
        "git": "https://github.com/matb33/meteor-collection-hooks.git",
        "tag": "v0.7.2",
        "commit": "261f61f07b371ae913463fba8964a9b93cab531b"
      },
      "fast-render": {
        "git": "https://github.com/arunoda/meteor-fast-render.git",
        "tag": "v1.0.0",
        "commit": "acbc04982025fe78cebb8865b5a04689741d4b0b"
      },
      "roles": {
        "git": "https://github.com/alanning/meteor-roles.git",
        "tag": "v1.2.11",
        "commit": "2d7dc91848ec874d3a0852c77f462d0fae749de5"
      },
      "alertfy": {
        "git": "https://github.com/cristiandley/Alertfy.git",
        "tag": "v0.0.2",
        "commit": "e412bf2b6e8f39737f86c2ac8cce37116c3e3ab8"
      },
      "kadira": {
        "git": "https://github.com/meteorhacks/kadira.git",
        "tag": "v2.4.13",
        "commit": "1f3c1a427084af5a2eca2e299eb65bc01387df8a"
      },
      "typeahead": {
        "git": "https://github.com/sergeyt/meteor-typeahead.git",
        "tag": "v0.0.11",
        "commit": "b97b4a92edeceb8f76aa8e6eb0f71252b34d4de3"
      },
      "iron-layout": {
        "git": "https://github.com/EventedMind/iron-layout.git",
        "tag": "v0.2.0",
        "commit": "4a2d53e35ba036b0c189c7ceca34be494d4c6c97"
      },
      "simple-schema": {
        "git": "https://github.com/aldeed/meteor-simple-schema.git",
        "tag": "v0.7.0",
        "commit": "77d267aec4ba8a70f677e5d9ef9fb91fb0e3f0f6"
      },
      "moment": {
        "git": "https://github.com/acreeger/meteor-moment.git",
        "tag": "v2.8.1",
        "commit": "722ea63783d594341023836b7d418ab2567dab8c"
      },
      "just-i18n": {
        "git": "https://github.com/subhog/meteor-just-i18n.git",
        "tag": "v0.3.0",
        "commit": "a60e7f4350fb9648d6f6b4a01acbbc114c4f4343"
      },
      "accounts-t9n": {
        "git": "https://github.com/softwarerero/meteor-accounts-t9n.git",
        "tag": "v0.0.5",
        "commit": "ad9539a8818049d5d9fa050d8b2a1f62706483b1"
      },
      "simple-form": {
        "git": "https://github.com/Differential/simple-form.git",
        "tag": "v0.1.8",
        "commit": "1ea0d3621b333e6f24f37e0e93efd3c081068716"
      },
      "blaze-layout": {
        "git": "https://github.com/EventedMind/blaze-layout.git",
        "tag": "v0.2.5",
        "commit": "273e3ab7d005d91a1a59c71bd224533b4dae2fbd"
      },
      "iron-core": {
        "git": "https://github.com/EventedMind/iron-core.git",
        "tag": "v0.2.0",
        "commit": "0e48b5dc50d03f01025b7b900fb5ce2f13d52cad"
      },
      "iron-dynamic-template": {
        "git": "https://github.com/EventedMind/iron-dynamic-template.git",
        "tag": "v0.2.1",
        "commit": "4dd1185c4d9d616c9abdb3f33e4a7d5a88db7e18"
      },
      "underscore-string-latest": {
        "git": "https://github.com/TimHeckel/meteor-underscore-string.git",
        "tag": "v2.3.3",
        "commit": "4a5d70eee48fbd90a6e6fc78747250d704a0b3bb"
      }
    }
  }
}
